
Microsoft Visual Studio Solution File, Format Version 12.00
# Visual Studio 15
VisualStudioVersion = 15.0.27703.2035
MinimumVisualStudioVersion = 10.0.40219.1
Project("{FAE04EC0-301F-11D3-BF4B-00C04F79EFBC}") = "atividadegit", "atividadegit\atividadegit.csproj", "{53DC4833-D626-4094-BD95-2DE07F61BBB6}"
EndProject
Global
	GlobalSection(SolutionConfigurationPlatforms) = preSolution
		Debug|Any CPU = Debug|Any CPU
		Release|Any CPU = Release|Any CPU
	EndGlobalSection
	GlobalSection(ProjectConfigurationPlatforms) = postSolution
		{53DC4833-D626-4094-BD95-2DE07F61BBB6}.Debug|Any CPU.ActiveCfg = Debug|Any CPU
		{53DC4833-D626-4094-BD95-2DE07F61BBB6}.Debug|Any CPU.Build.0 = Debug|Any CPU
		{53DC4833-D626-4094-BD95-2DE07F61BBB6}.Release|Any CPU.ActiveCfg = Release|Any CPU
		{53DC4833-D626-4094-BD95-2DE07F61BBB6}.Release|Any CPU.Build.0 = Release|Any CPU
	EndGlobalSection
	GlobalSection(SolutionProperties) = preSolution
		HideSolutionNode = FALSE
	EndGlobalSection
	GlobalSection(ExtensibilityGlobals) = postSolution
		SolutionGuid = {60E76E49-4463-43B0-BC74-1241FFB84110}
	EndGlobalSection
EndGlobal
